
Microsoft Visual Studio Solution File, Format Version 12.00
# Visual Studio 15
VisualStudioVersion = 15.0.28307.329
MinimumVisualStudioVersion = 10.0.40219.1
Project("{FAE04EC0-301F-11D3-BF4B-00C04F79EFBC}") = "Lesson01", "Lesson01\Lesson01.csproj", "{23E1CA28-1029-4B8D-9389-4569DEB6B0DA}"
EndProject
Project("{FAE04EC0-301F-11D3-BF4B-00C04F79EFBC}") = "Lesson02", "Lesson02\Lesson02.csproj", "{29AB419A-93DB-4644-88E1-9AD687418425}"
EndProject
Project("{FAE04EC0-301F-11D3-BF4B-00C04F79EFBC}") = "Lesson03", "Lesson03\Lesson03.csproj", "{3DE3DAA4-6B9A-4FA3-A091-A1CE2BE9C643}"
EndProject
Project("{FAE04EC0-301F-11D3-BF4B-00C04F79EFBC}") = "Lesson04", "Lesson04\Lesson04.csproj", "{F80FC83C-9F2E-4CD4-9A78-18DD68A7269E}"
EndProject
Project("{FAE04EC0-301F-11D3-BF4B-00C04F79EFBC}") = "Lesson05", "Lesson05\Lesson05.csproj", "{E0599EF5-E592-4044-AE90-9B8B862C4F9E}"
EndProject
Project("{FAE04EC0-301F-11D3-BF4B-00C04F79EFBC}") = "Lesson06", "Lesson06\Lesson06.csproj", "{D67D0A63-0692-43B4-96BB-CCB1118E1B2E}"
EndProject
Project("{FAE04EC0-301F-11D3-BF4B-00C04F79EFBC}") = "Lesson08", "Lesson08\Lesson08.csproj", "{B33417E9-5DB4-4D0A-B28C-C20B95BAAF16}"
EndProject
Project("{FAE04EC0-301F-11D3-BF4B-00C04F79EFBC}") = "Lesson07B", "Lesson07B\Lesson07B.csproj", "{3C35EE83-9B0F-4721-8E7B-81A78D21AD2D}"
EndProject
Project("{FAE04EC0-301F-11D3-BF4B-00C04F79EFBC}") = "Lesson09", "Lesson09\Lesson09.csproj", "{2551DEC7-90CB-491A-8773-C6092161C3FE}"
EndProject
Project("{FAE04EC0-301F-11D3-BF4B-00C04F79EFBC}") = "FinalProject", "FinalProject\FinalProject.csproj", "{A0659566-EF5D-4E13-A0D7-334215FB9061}"
EndProject
Global
	GlobalSection(SolutionConfigurationPlatforms) = preSolution
		Debug|Any CPU = Debug|Any CPU
		Release|Any CPU = Release|Any CPU
	EndGlobalSection
	GlobalSection(ProjectConfigurationPlatforms) = postSolution
		{23E1CA28-1029-4B8D-9389-4569DEB6B0DA}.Debug|Any CPU.ActiveCfg = Debug|Any CPU
		{23E1CA28-1029-4B8D-9389-4569DEB6B0DA}.Debug|Any CPU.Build.0 = Debug|Any CPU
		{23E1CA28-1029-4B8D-9389-4569DEB6B0DA}.Release|Any CPU.ActiveCfg = Release|Any CPU
		{23E1CA28-1029-4B8D-9389-4569DEB6B0DA}.Release|Any CPU.Build.0 = Release|Any CPU
		{29AB419A-93DB-4644-88E1-9AD687418425}.Debug|Any CPU.ActiveCfg = Debug|Any CPU
		{29AB419A-93DB-4644-88E1-9AD687418425}.Debug|Any CPU.Build.0 = Debug|Any CPU
		{29AB419A-93DB-4644-88E1-9AD687418425}.Release|Any CPU.ActiveCfg = Release|Any CPU
		{29AB419A-93DB-4644-88E1-9AD687418425}.Release|Any CPU.Build.0 = Release|Any CPU
		{3DE3DAA4-6B9A-4FA3-A091-A1CE2BE9C643}.Debug|Any CPU.ActiveCfg = Debug|Any CPU
		{3DE3DAA4-6B9A-4FA3-A091-A1CE2BE9C643}.Debug|Any CPU.Build.0 = Debug|Any CPU
		{3DE3DAA4-6B9A-4FA3-A091-A1CE2BE9C643}.Release|Any CPU.ActiveCfg = Release|Any CPU
		{3DE3DAA4-6B9A-4FA3-A091-A1CE2BE9C643}.Release|Any CPU.Build.0 = Release|Any CPU
		{F80FC83C-9F2E-4CD4-9A78-18DD68A7269E}.Debug|Any CPU.ActiveCfg = Debug|Any CPU
		{F80FC83C-9F2E-4CD4-9A78-18DD68A7269E}.Debug|Any CPU.Build.0 = Debug|Any CPU
		{F80FC83C-9F2E-4CD4-9A78-18DD68A7269E}.Release|Any CPU.ActiveCfg = Release|Any CPU
		{F80FC83C-9F2E-4CD4-9A78-18DD68A7269E}.Release|Any CPU.Build.0 = Release|Any CPU
		{E0599EF5-E592-4044-AE90-9B8B862C4F9E}.Debug|Any CPU.ActiveCfg = Debug|Any CPU
		{E0599EF5-E592-4044-AE90-9B8B862C4F9E}.Debug|Any CPU.Build.0 = Debug|Any CPU
		{E0599EF5-E592-4044-AE90-9B8B862C4F9E}.Release|Any CPU.ActiveCfg = Release|Any CPU
		{E0599EF5-E592-4044-AE90-9B8B862C4F9E}.Release|Any CPU.Build.0 = Release|Any CPU
		{D67D0A63-0692-43B4-96BB-CCB1118E1B2E}.Debug|Any CPU.ActiveCfg = Debug|Any CPU
		{D67D0A63-0692-43B4-96BB-CCB1118E1B2E}.Debug|Any CPU.Build.0 = Debug|Any CPU
		{D67D0A63-0692-43B4-96BB-CCB1118E1B2E}.Release|Any CPU.ActiveCfg = Release|Any CPU
		{D67D0A63-0692-43B4-96BB-CCB1118E1B2E}.Release|Any CPU.Build.0 = Release|Any CPU
		{B33417E9-5DB4-4D0A-B28C-C20B95BAAF16}.Debug|Any CPU.ActiveCfg = Debug|Any CPU
		{B33417E9-5DB4-4D0A-B28C-C20B95BAAF16}.Debug|Any CPU.Build.0 = Debug|Any CPU
		{B33417E9-5DB4-4D0A-B28C-C20B95BAAF16}.Release|Any CPU.ActiveCfg = Release|Any CPU
		{B33417E9-5DB4-4D0A-B28C-C20B95BAAF16}.Release|Any CPU.Build.0 = Release|Any CPU
		{3C35EE83-9B0F-4721-8E7B-81A78D21AD2D}.Debug|Any CPU.ActiveCfg = Debug|Any CPU
		{3C35EE83-9B0F-4721-8E7B-81A78D21AD2D}.Debug|Any CPU.Build.0 = Debug|Any CPU
		{3C35EE83-9B0F-4721-8E7B-81A78D21AD2D}.Release|Any CPU.ActiveCfg = Release|Any CPU
		{3C35EE83-9B0F-4721-8E7B-81A78D21AD2D}.Release|Any CPU.Build.0 = Release|Any CPU
		{2551DEC7-90CB-491A-8773-C6092161C3FE}.Debug|Any CPU.ActiveCfg = Debug|Any CPU
		{2551DEC7-90CB-491A-8773-C6092161C3FE}.Debug|Any CPU.Build.0 = Debug|Any CPU
		{2551DEC7-90CB-491A-8773-C6092161C3FE}.Release|Any CPU.ActiveCfg = Release|Any CPU
		{2551DEC7-90CB-491A-8773-C6092161C3FE}.Release|Any CPU.Build.0 = Release|Any CPU
		{A0659566-EF5D-4E13-A0D7-334215FB9061}.Debug|Any CPU.ActiveCfg = Debug|Any CPU
		{A0659566-EF5D-4E13-A0D7-334215FB9061}.Debug|Any CPU.Build.0 = Debug|Any CPU
		{A0659566-EF5D-4E13-A0D7-334215FB9061}.Release|Any CPU.ActiveCfg = Release|Any CPU
		{A0659566-EF5D-4E13-A0D7-334215FB9061}.Release|Any CPU.Build.0 = Release|Any CPU
	EndGlobalSection
	GlobalSection(SolutionProperties) = preSolution
		HideSolutionNode = FALSE
	EndGlobalSection
	GlobalSection(ExtensibilityGlobals) = postSolution
		SolutionGuid = {E0105619-A2D0-4B56-B231-8D0E84B8B477}
	EndGlobalSection
EndGlobal
